
Microsoft Visual Studio Solution File, Format Version 12.00
# Visual Studio Version 17
VisualStudioVersion = 17.1.32414.318
MinimumVisualStudioVersion = 10.0.40219.1
Project("{FAE04EC0-301F-11D3-BF4B-00C04F79EFBC}") = "TrabajoEmpleados", "ConsoleApp1\TrabajoEmpleados.csproj", "{90BC7F42-D1B6-4ABC-8FED-3FA67FD4422B}"
EndProject
Global
	GlobalSection(SolutionConfigurationPlatforms) = preSolution
		Debug|Any CPU = Debug|Any CPU
		Release|Any CPU = Release|Any CPU
	EndGlobalSection
	GlobalSection(ProjectConfigurationPlatforms) = postSolution
		{90BC7F42-D1B6-4ABC-8FED-3FA67FD4422B}.Debug|Any CPU.ActiveCfg = Debug|Any CPU
		{90BC7F42-D1B6-4ABC-8FED-3FA67FD4422B}.Debug|Any CPU.Build.0 = Debug|Any CPU
		{90BC7F42-D1B6-4ABC-8FED-3FA67FD4422B}.Release|Any CPU.ActiveCfg = Release|Any CPU
		{90BC7F42-D1B6-4ABC-8FED-3FA67FD4422B}.Release|Any CPU.Build.0 = Release|Any CPU
	EndGlobalSection
	GlobalSection(SolutionProperties) = preSolution
		HideSolutionNode = FALSE
	EndGlobalSection
	GlobalSection(ExtensibilityGlobals) = postSolution
		SolutionGuid = {856214DB-F906-479C-B259-1FB4665F6D03}
	EndGlobalSection
EndGlobal
